
Microsoft Visual Studio Solution File, Format Version 12.00
Project("{FAE04EC0-301F-11D3-BF4B-00C04F79EFBC}") = "amorphie.signalr", "amorphie.signalr\amorphie.signalr.csproj", "{0C17B487-D756-436F-9DF4-5A26D69180ED}"
EndProject
Project("{2150E333-8FDC-42A3-9474-1A3956D46DE8}") = "docker", "docker", "{B65A4599-1093-4383-BC45-E008FEB832E2}"
EndProject
Project("{2150E333-8FDC-42A3-9474-1A3956D46DE8}") = "dapr", "dapr", "{6E8172F9-B07B-41F4-97C1-33D4DCAA5A72}"
EndProject
Project("{2150E333-8FDC-42A3-9474-1A3956D46DE8}") = "components", "components", "{AC621F96-3BC8-4B4C-81A3-8C89AC1E3647}"
EndProject
Global
	GlobalSection(SolutionConfigurationPlatforms) = preSolution
		Debug|Any CPU = Debug|Any CPU
		Release|Any CPU = Release|Any CPU
	EndGlobalSection
	GlobalSection(ProjectConfigurationPlatforms) = postSolution
		{0C17B487-D756-436F-9DF4-5A26D69180ED}.Debug|Any CPU.ActiveCfg = Debug|Any CPU
		{0C17B487-D756-436F-9DF4-5A26D69180ED}.Debug|Any CPU.Build.0 = Debug|Any CPU
		{0C17B487-D756-436F-9DF4-5A26D69180ED}.Release|Any CPU.ActiveCfg = Release|Any CPU
		{0C17B487-D756-436F-9DF4-5A26D69180ED}.Release|Any CPU.Build.0 = Release|Any CPU
	EndGlobalSection
	GlobalSection(NestedProjects) = preSolution
		{AC621F96-3BC8-4B4C-81A3-8C89AC1E3647} = {6E8172F9-B07B-41F4-97C1-33D4DCAA5A72}
	EndGlobalSection
EndGlobal
